
Microsoft Visual Studio Solution File, Format Version 12.00
# Visual Studio Version 16
VisualStudioVersion = 16.0.31702.278
MinimumVisualStudioVersion = 10.0.40219.1
Project("{FAE04EC0-301F-11D3-BF4B-00C04F79EFBC}") = "FileIODemo", "FileIODemo\FileIODemo.csproj", "{4E83F1C6-29F0-4A81-9249-D9472CA5D967}"
EndProject
Project("{FAE04EC0-301F-11D3-BF4B-00C04F79EFBC}") = "SerializationDemo", "SerializationDemo\SerializationDemo.csproj", "{4443909B-D0EE-40D6-8190-1251DA9C5690}"
EndProject
Global
	GlobalSection(SolutionConfigurationPlatforms) = preSolution
		Debug|Any CPU = Debug|Any CPU
		Release|Any CPU = Release|Any CPU
	EndGlobalSection
	GlobalSection(ProjectConfigurationPlatforms) = postSolution
		{4E83F1C6-29F0-4A81-9249-D9472CA5D967}.Debug|Any CPU.ActiveCfg = Debug|Any CPU
		{4E83F1C6-29F0-4A81-9249-D9472CA5D967}.Debug|Any CPU.Build.0 = Debug|Any CPU
		{4E83F1C6-29F0-4A81-9249-D9472CA5D967}.Release|Any CPU.ActiveCfg = Release|Any CPU
		{4E83F1C6-29F0-4A81-9249-D9472CA5D967}.Release|Any CPU.Build.0 = Release|Any CPU
		{4443909B-D0EE-40D6-8190-1251DA9C5690}.Debug|Any CPU.ActiveCfg = Debug|Any CPU
		{4443909B-D0EE-40D6-8190-1251DA9C5690}.Debug|Any CPU.Build.0 = Debug|Any CPU
		{4443909B-D0EE-40D6-8190-1251DA9C5690}.Release|Any CPU.ActiveCfg = Release|Any CPU
		{4443909B-D0EE-40D6-8190-1251DA9C5690}.Release|Any CPU.Build.0 = Release|Any CPU
	EndGlobalSection
	GlobalSection(SolutionProperties) = preSolution
		HideSolutionNode = FALSE
	EndGlobalSection
	GlobalSection(ExtensibilityGlobals) = postSolution
		SolutionGuid = {806E55C4-2965-48C6-BA01-1AAB09985EE7}
	EndGlobalSection
EndGlobal
